%{
  "commendable_comments": {:hex, :commendable_comments, "0.1.0", "88051b8e72dbf79c625bc5c7037ffe11b3a135ab4f1e889ae146fb5d673c8508", [:mix], [], "hexpm", "8072c69f6d4f2f6bfc8146de429907b0ffadf4a2ed7fd9611db518e77be6a6ff"},
  "crypto_rand": {:hex, :crypto_rand, "1.0.2", "e1381d3fbe743cfb6082150f4f95dc7ac3fcaf5b53dae0fc96f7e0f006d91dd1", [:mix], [], "hexpm", "ca0eebc811c4496446c4d32e18e3888d7cf8fb1f441af015578f3523b1e35be8"},
  "cucumber_expressions": {:hex, :cucumber_expressions, "0.1.1", "7b1a1221b60423cfa8d7f5121692c04f703e7e0fe8fce1308cf2498f8d700528", [:mix], [{:ex_debugger, "0.1.3", [hex: :ex_debugger, repo: "hexpm", optional: false]}, {:puid, "~> 1.0", [hex: :puid, repo: "hexpm", optional: false]}], "hexpm", "baa89ed13cb1e91879dd65bd70a6a55b870d8cbd74ab0c8c4e2b24343ff054f5"},
  "ex_debugger": {:hex, :ex_debugger, "0.1.3", "bdbaa5aae322e51b125732f516f509740c336b2982222a7bfbd4f82389d7e69e", [:mix], [{:commendable_comments, "~> 0.1.0", [hex: :commendable_comments, repo: "hexpm", optional: false]}], "hexpm", "9fb64618e9588770cd13a0d343f28925249ddee6a817739c41bdd085ca1a9588"},
  "ex_gherkin": {:hex, :ex_gherkin, "0.1.2", "cd29326dd3bf3809609e4f39afb3c951f0d6bb0c2e3aa6ffc73efa6cb8a713e4", [:mix], [{:jason, "~> 1.1", [hex: :jason, repo: "hexpm", optional: false]}, {:jiffy, "~> 1.0", [hex: :jiffy, repo: "hexpm", optional: false]}], "hexpm", "34311087879124fe7646db306c30e0194c3ed93785f0e21309f58362f1070b62"},
  "jason": {:hex, :jason, "1.2.1", "12b22825e22f468c02eb3e4b9985f3d0cb8dc40b9bd704730efa11abd2708c44", [:mix], [{:decimal, "~> 1.0", [hex: :decimal, repo: "hexpm", optional: true]}], "hexpm", "b659b8571deedf60f79c5a608e15414085fa141344e2716fbd6988a084b5f993"},
  "jiffy": {:hex, :jiffy, "1.0.5", "a69b58faf7123534c20e1b0b7ae97ac52079ca02ed4b6989b4b380179cd63a54", [:rebar3], [], "hexpm", "b617a53f46ae84f20d0c38951367dc947a2cf8cff922aa5c6ac6b64b8b052289"},
  "puid": {:hex, :puid, "1.1.1", "e1155e141fe21141dba74a840b0a6b01336f972f08e9ce8fa489ffcd48ba9fa6", [:mix], [{:crypto_rand, "~> 1.0", [hex: :crypto_rand, repo: "hexpm", optional: false]}], "hexpm", "fc271ee494abf54b9cb896b30648c49f2f6e8112cf4990b7e3a92ca871be3338"},
}
