%{
  "commendable_comments": {:hex, :commendable_comments, "0.1.0", "88051b8e72dbf79c625bc5c7037ffe11b3a135ab4f1e889ae146fb5d673c8508", [:mix], [], "hexpm", "8072c69f6d4f2f6bfc8146de429907b0ffadf4a2ed7fd9611db518e77be6a6ff"},
  "crypto_rand": {:hex, :crypto_rand, "1.0.3", "8773799e3ed124ce8a81feb935fffbeb3b6621ea2b841c2bbaff4fd09752fd66", [:mix], [], "hexpm", "701a76fea71119fe60aea02f50191bf82a60cb687046931e4d6de6acb8da1685"},
  "cucumber_expressions": {:hex, :cucumber_expressions, "0.1.3", "6e57e478ba248fbc5691b8b056e7595de13c4aba4df9338f3cfcf409afe1fe12", [:mix], [{:ex_debugger, "0.1.5", [hex: :ex_debugger, repo: "hexpm", optional: false]}, {:puid, "~> 1.0", [hex: :puid, repo: "hexpm", optional: false]}], "hexpm", "8df03be25ac791fcb53e000fafa756a9fb510163a9ea1f4abcea9113401711de"},
  "decimal": {:hex, :decimal, "1.8.1", "a4ef3f5f3428bdbc0d35374029ffcf4ede8533536fa79896dd450168d9acdf3c", [:mix], [], "hexpm", "3cb154b00225ac687f6cbd4acc4b7960027c757a5152b369923ead9ddbca7aec"},
  "ex_debugger": {:hex, :ex_debugger, "0.1.5", "d4cae7c39c51dc32faccc2212db9627f0e7e8eea826b8cb41037c76904084a17", [:mix], [{:commendable_comments, "~> 0.1.0", [hex: :commendable_comments, repo: "hexpm", optional: false]}], "hexpm", "6c8741ee0283586de2ad9e77fb759a13c0546e38fb500066d4afb2c339271325"},
  "ex_gherkin": {:hex, :ex_gherkin, "0.1.2", "cd29326dd3bf3809609e4f39afb3c951f0d6bb0c2e3aa6ffc73efa6cb8a713e4", [:mix], [{:jason, "~> 1.1", [hex: :jason, repo: "hexpm", optional: false]}, {:jiffy, "~> 1.0", [hex: :jiffy, repo: "hexpm", optional: false]}], "hexpm", "34311087879124fe7646db306c30e0194c3ed93785f0e21309f58362f1070b62"},
  "jason": {:hex, :jason, "1.2.1", "12b22825e22f468c02eb3e4b9985f3d0cb8dc40b9bd704730efa11abd2708c44", [:mix], [{:decimal, "~> 1.0", [hex: :decimal, repo: "hexpm", optional: true]}], "hexpm", "b659b8571deedf60f79c5a608e15414085fa141344e2716fbd6988a084b5f993"},
  "jiffy": {:hex, :jiffy, "1.0.5", "a69b58faf7123534c20e1b0b7ae97ac52079ca02ed4b6989b4b380179cd63a54", [:rebar3], [], "hexpm", "b617a53f46ae84f20d0c38951367dc947a2cf8cff922aa5c6ac6b64b8b052289"},
  "my_ex_gherkin": {:hex, :my_ex_gherkin, "0.1.2", "323552be7debec68c3d3e8f0856968bf22c5d829ab20ce0c0b693dd731203f02", [:mix], [{:jason, "~> 1.1", [hex: :jason, repo: "hexpm", optional: false]}, {:jiffy, "~> 1.0", [hex: :jiffy, repo: "hexpm", optional: false]}], "hexpm", "1575ba84b63d5b527adf74cae5f3e1990338841af3cb05b56dc0087614ebd833"},
  "puid": {:hex, :puid, "1.1.2", "4acf2a576afc5896c393459d259e733ad20dd96c969152fcddb68f35c1f5ba4a", [:mix], [{:crypto_rand, "~> 1.0", [hex: :crypto_rand, repo: "hexpm", optional: false]}], "hexpm", "fbd1691e29e576c4fbf23852f4d256774702ad1f2a91b37e4344f7c278f1ffaa"},
}
